
Microsoft Visual Studio Solution File, Format Version 12.00
# Visual Studio Version 16
VisualStudioVersion = 16.0.29709.97
MinimumVisualStudioVersion = 10.0.40219.1
Project("{FAE04EC0-301F-11D3-BF4B-00C04F79EFBC}") = "ConsoleNHibernate", "ConsoleNHibernate.csproj", "{03A959ED-2F86-4309-9F5F-4206AA02B036}"
EndProject
Global
	GlobalSection(SolutionConfigurationPlatforms) = preSolution
		Debug|Any CPU = Debug|Any CPU
		Release|Any CPU = Release|Any CPU
	EndGlobalSection
	GlobalSection(ProjectConfigurationPlatforms) = postSolution
		{03A959ED-2F86-4309-9F5F-4206AA02B036}.Debug|Any CPU.ActiveCfg = Debug|Any CPU
		{03A959ED-2F86-4309-9F5F-4206AA02B036}.Debug|Any CPU.Build.0 = Debug|Any CPU
		{03A959ED-2F86-4309-9F5F-4206AA02B036}.Release|Any CPU.ActiveCfg = Release|Any CPU
		{03A959ED-2F86-4309-9F5F-4206AA02B036}.Release|Any CPU.Build.0 = Release|Any CPU
	EndGlobalSection
	GlobalSection(SolutionProperties) = preSolution
		HideSolutionNode = FALSE
	EndGlobalSection
	GlobalSection(ExtensibilityGlobals) = postSolution
		SolutionGuid = {A43B8224-A078-4B67-951E-33D7A23FBA8A}
	EndGlobalSection
EndGlobal
